// !$*UTF8*$!
{
	archiveVersion = 1;
	classes = {
	};
	objectVersion = 50;
	objects = {

/* Begin PBXBuildFile section */
		21222BA8259CCE09008A4C26 /* DetailsViewController.swift in Sources */ = {isa = PBXBuildFile; fileRef = 21222BA7259CCE09008A4C26 /* DetailsViewController.swift */; };
		2169876F259B3D4C00610FD7 /* CryptoListViewModel.swift in Sources */ = {isa = PBXBuildFile; fileRef = 2169876E259B3D4C00610FD7 /* CryptoListViewModel.swift */; };
		21698775259B440A00610FD7 /* CryptoListTableViewController.swift in Sources */ = {isa = PBXBuildFile; fileRef = 21698774259B440900610FD7 /* CryptoListTableViewController.swift */; };
		216C70A02590FCD7001A80E5 /* AppDelegate.swift in Sources */ = {isa = PBXBuildFile; fileRef = 216C709F2590FCD7001A80E5 /* AppDelegate.swift */; };
		216C70A22590FCD7001A80E5 /* SceneDelegate.swift in Sources */ = {isa = PBXBuildFile; fileRef = 216C70A12590FCD7001A80E5 /* SceneDelegate.swift */; };
		216C70A72590FCD7001A80E5 /* Main.storyboard in Resources */ = {isa = PBXBuildFile; fileRef = 216C70A52590FCD7001A80E5 /* Main.storyboard */; };
		216C70A92590FCDA001A80E5 /* Assets.xcassets in Resources */ = {isa = PBXBuildFile; fileRef = 216C70A82590FCDA001A80E5 /* Assets.xcassets */; };
		216C70AC2590FCDA001A80E5 /* LaunchScreen.storyboard in Resources */ = {isa = PBXBuildFile; fileRef = 216C70AA2590FCDA001A80E5 /* LaunchScreen.storyboard */; };
		216C70B72590FCDA001A80E5 /* CryptoTests.swift in Sources */ = {isa = PBXBuildFile; fileRef = 216C70B62590FCDA001A80E5 /* CryptoTests.swift */; };
		216C70C22590FCDA001A80E5 /* CryptoUITests.swift in Sources */ = {isa = PBXBuildFile; fileRef = 216C70C12590FCDA001A80E5 /* CryptoUITests.swift */; };
		216C70D325910436001A80E5 /* CryptoTableViewCell.swift in Sources */ = {isa = PBXBuildFile; fileRef = 216C70D225910436001A80E5 /* CryptoTableViewCell.swift */; };
		216C70DF25914A31001A80E5 /* CryptoCurrency.swift in Sources */ = {isa = PBXBuildFile; fileRef = 216C70DE25914A31001A80E5 /* CryptoCurrency.swift */; };
		216C70E725914ADC001A80E5 /* WebService.swift in Sources */ = {isa = PBXBuildFile; fileRef = 216C70E625914ADC001A80E5 /* WebService.swift */; };
		219177DA259A888E003C0D57 /* Constants.swift in Sources */ = {isa = PBXBuildFile; fileRef = 219177D9259A888E003C0D57 /* Constants.swift */; };
		219177E5259A8A6A003C0D57 /* URL+Extensions.swift in Sources */ = {isa = PBXBuildFile; fileRef = 219177E4259A8A6A003C0D57 /* URL+Extensions.swift */; };
/* End PBXBuildFile section */

/* Begin PBXContainerItemProxy section */
		216C70B32590FCDA001A80E5 /* PBXContainerItemProxy */ = {
			isa = PBXContainerItemProxy;
			containerPortal = 216C70942590FCD7001A80E5 /* Project object */;
			proxyType = 1;
			remoteGlobalIDString = 216C709B2590FCD7001A80E5;
			remoteInfo = Crypto;
		};
		216C70BE2590FCDA001A80E5 /* PBXContainerItemProxy */ = {
			isa = PBXContainerItemProxy;
			containerPortal = 216C70942590FCD7001A80E5 /* Project object */;
			proxyType = 1;
			remoteGlobalIDString = 216C709B2590FCD7001A80E5;
			remoteInfo = Crypto;
		};
/* End PBXContainerItemProxy section */

/* Begin PBXFileReference section */
		21222BA7259CCE09008A4C26 /* DetailsViewController.swift */ = {isa = PBXFileReference; lastKnownFileType = sourcecode.swift; path = DetailsViewController.swift; sourceTree = "<group>"; };
		2169876E259B3D4C00610FD7 /* CryptoListViewModel.swift */ = {isa = PBXFileReference; lastKnownFileType = sourcecode.swift; path = CryptoListViewModel.swift; sourceTree = "<group>"; };
		21698774259B440900610FD7 /* CryptoListTableViewController.swift */ = {isa = PBXFileReference; lastKnownFileType = sourcecode.swift; path = CryptoListTableViewController.swift; sourceTree = "<group>"; };
		216C709C2590FCD7001A80E5 /* Crypto.app */ = {isa = PBXFileReference; explicitFileType = wrapper.application; includeInIndex = 0; path = Crypto.app; sourceTree = BUILT_PRODUCTS_DIR; };
		216C709F2590FCD7001A80E5 /* AppDelegate.swift */ = {isa = PBXFileReference; lastKnownFileType = sourcecode.swift; path = AppDelegate.swift; sourceTree = "<group>"; };
		216C70A12590FCD7001A80E5 /* SceneDelegate.swift */ = {isa = PBXFileReference; lastKnownFileType = sourcecode.swift; path = SceneDelegate.swift; sourceTree = "<group>"; };
		216C70A62590FCD7001A80E5 /* Base */ = {isa = PBXFileReference; lastKnownFileType = file.storyboard; name = Base; path = Base.lproj/Main.storyboard; sourceTree = "<group>"; };
		216C70A82590FCDA001A80E5 /* Assets.xcassets */ = {isa = PBXFileReference; lastKnownFileType = folder.assetcatalog; path = Assets.xcassets; sourceTree = "<group>"; };
		216C70AB2590FCDA001A80E5 /* Base */ = {isa = PBXFileReference; lastKnownFileType = file.storyboard; name = Base; path = Base.lproj/LaunchScreen.storyboard; sourceTree = "<group>"; };
		216C70AD2590FCDA001A80E5 /* Info.plist */ = {isa = PBXFileReference; lastKnownFileType = text.plist.xml; path = Info.plist; sourceTree = "<group>"; };
		216C70B22590FCDA001A80E5 /* CryptoTests.xctest */ = {isa = PBXFileReference; explicitFileType = wrapper.cfbundle; includeInIndex = 0; path = CryptoTests.xctest; sourceTree = BUILT_PRODUCTS_DIR; };
		216C70B62590FCDA001A80E5 /* CryptoTests.swift */ = {isa = PBXFileReference; lastKnownFileType = sourcecode.swift; path = CryptoTests.swift; sourceTree = "<group>"; };
		216C70B82590FCDA001A80E5 /* Info.plist */ = {isa = PBXFileReference; lastKnownFileType = text.plist.xml; path = Info.plist; sourceTree = "<group>"; };
		216C70BD2590FCDA001A80E5 /* CryptoUITests.xctest */ = {isa = PBXFileReference; explicitFileType = wrapper.cfbundle; includeInIndex = 0; path = CryptoUITests.xctest; sourceTree = BUILT_PRODUCTS_DIR; };
		216C70C12590FCDA001A80E5 /* CryptoUITests.swift */ = {isa = PBXFileReference; lastKnownFileType = sourcecode.swift; path = CryptoUITests.swift; sourceTree = "<group>"; };
		216C70C32590FCDA001A80E5 /* Info.plist */ = {isa = PBXFileReference; lastKnownFileType = text.plist.xml; path = Info.plist; sourceTree = "<group>"; };
		216C70D225910436001A80E5 /* CryptoTableViewCell.swift */ = {isa = PBXFileReference; lastKnownFileType = sourcecode.swift; path = CryptoTableViewCell.swift; sourceTree = "<group>"; };
		216C70DE25914A31001A80E5 /* CryptoCurrency.swift */ = {isa = PBXFileReference; lastKnownFileType = sourcecode.swift; path = CryptoCurrency.swift; sourceTree = "<group>"; };
		216C70E625914ADC001A80E5 /* WebService.swift */ = {isa = PBXFileReference; lastKnownFileType = sourcecode.swift; path = WebService.swift; sourceTree = "<group>"; };
		219177D9259A888E003C0D57 /* Constants.swift */ = {isa = PBXFileReference; lastKnownFileType = sourcecode.swift; path = Constants.swift; sourceTree = "<group>"; };
		219177E4259A8A6A003C0D57 /* URL+Extensions.swift */ = {isa = PBXFileReference; lastKnownFileType = sourcecode.swift; path = "URL+Extensions.swift"; sourceTree = "<group>"; };
/* End PBXFileReference section */

/* Begin PBXFrameworksBuildPhase section */
		216C70992590FCD7001A80E5 /* Frameworks */ = {
			isa = PBXFrameworksBuildPhase;
			buildActionMask = 2147483647;
			files = (
			);
			runOnlyForDeploymentPostprocessing = 0;
		};
		216C70AF2590FCDA001A80E5 /* Frameworks */ = {
			isa = PBXFrameworksBuildPhase;
			buildActionMask = 2147483647;
			files = (
			);
			runOnlyForDeploymentPostprocessing = 0;
		};
		216C70BA2590FCDA001A80E5 /* Frameworks */ = {
			isa = PBXFrameworksBuildPhase;
			buildActionMask = 2147483647;
			files = (
			);
			runOnlyForDeploymentPostprocessing = 0;
		};
/* End PBXFrameworksBuildPhase section */

/* Begin PBXGroup section */
		2169876D259B3D0900610FD7 /* Cells */ = {
			isa = PBXGroup;
			children = (
				216C70D225910436001A80E5 /* CryptoTableViewCell.swift */,
			);
			path = Cells;
			sourceTree = "<group>";
		};
		21698773259B438400610FD7 /* Controllers */ = {
			isa = PBXGroup;
			children = (
				21698774259B440900610FD7 /* CryptoListTableViewController.swift */,
				21222BA7259CCE09008A4C26 /* DetailsViewController.swift */,
			);
			path = Controllers;
			sourceTree = "<group>";
		};
		216C70932590FCD7001A80E5 = {
			isa = PBXGroup;
			children = (
				216C709E2590FCD7001A80E5 /* Crypto */,
				216C70B52590FCDA001A80E5 /* CryptoTests */,
				216C70C02590FCDA001A80E5 /* CryptoUITests */,
				216C709D2590FCD7001A80E5 /* Products */,
			);
			sourceTree = "<group>";
		};
		216C709D2590FCD7001A80E5 /* Products */ = {
			isa = PBXGroup;
			children = (
				216C709C2590FCD7001A80E5 /* Crypto.app */,
				216C70B22590FCDA001A80E5 /* CryptoTests.xctest */,
				216C70BD2590FCDA001A80E5 /* CryptoUITests.xctest */,
			);
			name = Products;
			sourceTree = "<group>";
		};
		216C709E2590FCD7001A80E5 /* Crypto */ = {
			isa = PBXGroup;
			children = (
				21698773259B438400610FD7 /* Controllers */,
				2169876D259B3D0900610FD7 /* Cells */,
				219177DE259A8952003C0D57 /* Extensions */,
				219177D8259A8869003C0D57 /* Helpers */,
				216C70DD2591475E001A80E5 /* Service */,
				216C70DC25914750001A80E5 /* ViewModel */,
				216C70DB25914749001A80E5 /* View */,
				216C70DA25914743001A80E5 /* Model */,
				216C709F2590FCD7001A80E5 /* AppDelegate.swift */,
				216C70A12590FCD7001A80E5 /* SceneDelegate.swift */,
				216C70A52590FCD7001A80E5 /* Main.storyboard */,
				216C70A82590FCDA001A80E5 /* Assets.xcassets */,
				216C70AA2590FCDA001A80E5 /* LaunchScreen.storyboard */,
				216C70AD2590FCDA001A80E5 /* Info.plist */,
			);
			path = Crypto;
			sourceTree = "<group>";
		};
		216C70B52590FCDA001A80E5 /* CryptoTests */ = {
			isa = PBXGroup;
			children = (
				216C70B62590FCDA001A80E5 /* CryptoTests.swift */,
				216C70B82590FCDA001A80E5 /* Info.plist */,
			);
			path = CryptoTests;
			sourceTree = "<group>";
		};
		216C70C02590FCDA001A80E5 /* CryptoUITests */ = {
			isa = PBXGroup;
			children = (
				216C70C12590FCDA001A80E5 /* CryptoUITests.swift */,
				216C70C32590FCDA001A80E5 /* Info.plist */,
			);
			path = CryptoUITests;
			sourceTree = "<group>";
		};
		216C70DA25914743001A80E5 /* Model */ = {
			isa = PBXGroup;
			children = (
				216C70DE25914A31001A80E5 /* CryptoCurrency.swift */,
			);
			path = Model;
			sourceTree = "<group>";
		};
		216C70DB25914749001A80E5 /* View */ = {
			isa = PBXGroup;
			children = (
			);
			path = View;
			sourceTree = "<group>";
		};
		216C70DC25914750001A80E5 /* ViewModel */ = {
			isa = PBXGroup;
			children = (
				2169876E259B3D4C00610FD7 /* CryptoListViewModel.swift */,
			);
			path = ViewModel;
			sourceTree = "<group>";
		};
		216C70DD2591475E001A80E5 /* Service */ = {
			isa = PBXGroup;
			children = (
				216C70E625914ADC001A80E5 /* WebService.swift */,
			);
			path = Service;
			sourceTree = "<group>";
		};
		219177D8259A8869003C0D57 /* Helpers */ = {
			isa = PBXGroup;
			children = (
				219177D9259A888E003C0D57 /* Constants.swift */,
			);
			path = Helpers;
			sourceTree = "<group>";
		};
		219177DE259A8952003C0D57 /* Extensions */ = {
			isa = PBXGroup;
			children = (
				219177E4259A8A6A003C0D57 /* URL+Extensions.swift */,
			);
			path = Extensions;
			sourceTree = "<group>";
		};
/* End PBXGroup section */

/* Begin PBXNativeTarget section */
		216C709B2590FCD7001A80E5 /* Crypto */ = {
			isa = PBXNativeTarget;
			buildConfigurationList = 216C70C62590FCDA001A80E5 /* Build configuration list for PBXNativeTarget "Crypto" */;
			buildPhases = (
				216C70982590FCD7001A80E5 /* Sources */,
				216C70992590FCD7001A80E5 /* Frameworks */,
				216C709A2590FCD7001A80E5 /* Resources */,
			);
			buildRules = (
			);
			dependencies = (
			);
			name = Crypto;
			productName = Crypto;
			productReference = 216C709C2590FCD7001A80E5 /* Crypto.app */;
			productType = "com.apple.product-type.application";
		};
		216C70B12590FCDA001A80E5 /* CryptoTests */ = {
			isa = PBXNativeTarget;
			buildConfigurationList = 216C70C92590FCDA001A80E5 /* Build configuration list for PBXNativeTarget "CryptoTests" */;
			buildPhases = (
				216C70AE2590FCDA001A80E5 /* Sources */,
				216C70AF2590FCDA001A80E5 /* Frameworks */,
				216C70B02590FCDA001A80E5 /* Resources */,
			);
			buildRules = (
			);
			dependencies = (
				216C70B42590FCDA001A80E5 /* PBXTargetDependency */,
			);
			name = CryptoTests;
			productName = CryptoTests;
			productReference = 216C70B22590FCDA001A80E5 /* CryptoTests.xctest */;
			productType = "com.apple.product-type.bundle.unit-test";
		};
		216C70BC2590FCDA001A80E5 /* CryptoUITests */ = {
			isa = PBXNativeTarget;
			buildConfigurationList = 216C70CC2590FCDA001A80E5 /* Build configuration list for PBXNativeTarget "CryptoUITests" */;
			buildPhases = (
				216C70B92590FCDA001A80E5 /* Sources */,
				216C70BA2590FCDA001A80E5 /* Frameworks */,
				216C70BB2590FCDA001A80E5 /* Resources */,
			);
			buildRules = (
			);
			dependencies = (
				216C70BF2590FCDA001A80E5 /* PBXTargetDependency */,
			);
			name = CryptoUITests;
			productName = CryptoUITests;
			productReference = 216C70BD2590FCDA001A80E5 /* CryptoUITests.xctest */;
			productType = "com.apple.product-type.bundle.ui-testing";
		};
/* End PBXNativeTarget section */

/* Begin PBXProject section */
		216C70942590FCD7001A80E5 /* Project object */ = {
			isa = PBXProject;
			attributes = {
				LastSwiftUpdateCheck = 1230;
				LastUpgradeCheck = 1230;
				TargetAttributes = {
					216C709B2590FCD7001A80E5 = {
						CreatedOnToolsVersion = 12.3;
					};
					216C70B12590FCDA001A80E5 = {
						CreatedOnToolsVersion = 12.3;
						TestTargetID = 216C709B2590FCD7001A80E5;
					};
					216C70BC2590FCDA001A80E5 = {
						CreatedOnToolsVersion = 12.3;
						TestTargetID = 216C709B2590FCD7001A80E5;
					};
				};
			};
			buildConfigurationList = 216C70972590FCD7001A80E5 /* Build configuration list for PBXProject "Crypto" */;
			compatibilityVersion = "Xcode 9.3";
			developmentRegion = en;
			hasScannedForEncodings = 0;
			knownRegions = (
				en,
				Base,
			);
			mainGroup = 216C70932590FCD7001A80E5;
			productRefGroup = 216C709D2590FCD7001A80E5 /* Products */;
			projectDirPath = "";
			projectRoot = "";
			targets = (
				216C709B2590FCD7001A80E5 /* Crypto */,
				216C70B12590FCDA001A80E5 /* CryptoTests */,
				216C70BC2590FCDA001A80E5 /* CryptoUITests */,
			);
		};
/* End PBXProject section */

/* Begin PBXResourcesBuildPhase section */
		216C709A2590FCD7001A80E5 /* Resources */ = {
			isa = PBXResourcesBuildPhase;
			buildActionMask = 2147483647;
			files = (
				216C70AC2590FCDA001A80E5 /* LaunchScreen.storyboard in Resources */,
				216C70A92590FCDA001A80E5 /* Assets.xcassets in Resources */,
				216C70A72590FCD7001A80E5 /* Main.storyboard in Resources */,
			);
			runOnlyForDeploymentPostprocessing = 0;
		};
		216C70B02590FCDA001A80E5 /* Resources */ = {
			isa = PBXResourcesBuildPhase;
			buildActionMask = 2147483647;
			files = (
			);
			runOnlyForDeploymentPostprocessing = 0;
		};
		216C70BB2590FCDA001A80E5 /* Resources */ = {
			isa = PBXResourcesBuildPhase;
			buildActionMask = 2147483647;
			files = (
			);
			runOnlyForDeploymentPostprocessing = 0;
		};
/* End PBXResourcesBuildPhase section */

/* Begin PBXSourcesBuildPhase section */
		216C70982590FCD7001A80E5 /* Sources */ = {
			isa = PBXSourcesBuildPhase;
			buildActionMask = 2147483647;
			files = (
				216C70E725914ADC001A80E5 /* WebService.swift in Sources */,
				216C70D325910436001A80E5 /* CryptoTableViewCell.swift in Sources */,
				216C70A02590FCD7001A80E5 /* AppDelegate.swift in Sources */,
				2169876F259B3D4C00610FD7 /* CryptoListViewModel.swift in Sources */,
				219177E5259A8A6A003C0D57 /* URL+Extensions.swift in Sources */,
				21698775259B440A00610FD7 /* CryptoListTableViewController.swift in Sources */,
				219177DA259A888E003C0D57 /* Constants.swift in Sources */,
				216C70DF25914A31001A80E5 /* CryptoCurrency.swift in Sources */,
				216C70A22590FCD7001A80E5 /* SceneDelegate.swift in Sources */,
				21222BA8259CCE09008A4C26 /* DetailsViewController.swift in Sources */,
			);
			runOnlyForDeploymentPostprocessing = 0;
		};
		216C70AE2590FCDA001A80E5 /* Sources */ = {
			isa = PBXSourcesBuildPhase;
			buildActionMask = 2147483647;
			files = (
				216C70B72590FCDA001A80E5 /* CryptoTests.swift in Sources */,
			);
			runOnlyForDeploymentPostprocessing = 0;
		};
		216C70B92590FCDA001A80E5 /* Sources */ = {
			isa = PBXSourcesBuildPhase;
			buildActionMask = 2147483647;
			files = (
				216C70C22590FCDA001A80E5 /* CryptoUITests.swift in Sources */,
			);
			runOnlyForDeploymentPostprocessing = 0;
		};
/* End PBXSourcesBuildPhase section */

/* Begin PBXTargetDependency section */
		216C70B42590FCDA001A80E5 /* PBXTargetDependency */ = {
			isa = PBXTargetDependency;
			target = 216C709B2590FCD7001A80E5 /* Crypto */;
			targetProxy = 216C70B32590FCDA001A80E5 /* PBXContainerItemProxy */;
		};
		216C70BF2590FCDA001A80E5 /* PBXTargetDependency */ = {
			isa = PBXTargetDependency;
			target = 216C709B2590FCD7001A80E5 /* Crypto */;
			targetProxy = 216C70BE2590FCDA001A80E5 /* PBXContainerItemProxy */;
		};
/* End PBXTargetDependency section */

/* Begin PBXVariantGroup section */
		216C70A52590FCD7001A80E5 /* Main.storyboard */ = {
			isa = PBXVariantGroup;
			children = (
				216C70A62590FCD7001A80E5 /* Base */,
			);
			name = Main.storyboard;
			sourceTree = "<group>";
		};
		216C70AA2590FCDA001A80E5 /* LaunchScreen.storyboard */ = {
			isa = PBXVariantGroup;
			children = (
				216C70AB2590FCDA001A80E5 /* Base */,
			);
			name = LaunchScreen.storyboard;
			sourceTree = "<group>";
		};
/* End PBXVariantGroup section */

/* Begin XCBuildConfiguration section */
		216C70C42590FCDA001A80E5 /* Debug */ = {
			isa = XCBuildConfiguration;
			buildSettings = {
				ALWAYS_SEARCH_USER_PATHS = NO;
				CLANG_ANALYZER_NONNULL = YES;
				CLANG_ANALYZER_NUMBER_OBJECT_CONVERSION = YES_AGGRESSIVE;
				CLANG_CXX_LANGUAGE_STANDARD = "gnu++14";
				CLANG_CXX_LIBRARY = "libc++";
				CLANG_ENABLE_MODULES = YES;
				CLANG_ENABLE_OBJC_ARC = YES;
				CLANG_ENABLE_OBJC_WEAK = YES;
				CLANG_WARN_BLOCK_CAPTURE_AUTORELEASING = YES;
				CLANG_WARN_BOOL_CONVERSION = YES;
				CLANG_WARN_COMMA = YES;
				CLANG_WARN_CONSTANT_CONVERSION = YES;
				CLANG_WARN_DEPRECATED_OBJC_IMPLEMENTATIONS = YES;
				CLANG_WARN_DIRECT_OBJC_ISA_USAGE = YES_ERROR;
				CLANG_WARN_DOCUMENTATION_COMMENTS = YES;
				CLANG_WARN_EMPTY_BODY = YES;
				CLANG_WARN_ENUM_CONVERSION = YES;
				CLANG_WARN_INFINITE_RECURSION = YES;
				CLANG_WARN_INT_CONVERSION = YES;
				CLANG_WARN_NON_LITERAL_NULL_CONVERSION = YES;
				CLANG_WARN_OBJC_IMPLICIT_RETAIN_SELF = YES;
				CLANG_WARN_OBJC_LITERAL_CONVERSION = YES;
				CLANG_WARN_OBJC_ROOT_CLASS = YES_ERROR;
				CLANG_WARN_QUOTED_INCLUDE_IN_FRAMEWORK_HEADER = YES;
				CLANG_WARN_RANGE_LOOP_ANALYSIS = YES;
				CLANG_WARN_STRICT_PROTOTYPES = YES;
				CLANG_WARN_SUSPICIOUS_MOVE = YES;
				CLANG_WARN_UNGUARDED_AVAILABILITY = YES_AGGRESSIVE;
				CLANG_WARN_UNREACHABLE_CODE = YES;
				CLANG_WARN__DUPLICATE_METHOD_MATCH = YES;
				COPY_PHASE_STRIP = NO;
				DEBUG_INFORMATION_FORMAT = dwarf;
				ENABLE_STRICT_OBJC_MSGSEND = YES;
				ENABLE_TESTABILITY = YES;
				GCC_C_LANGUAGE_STANDARD = gnu11;
				GCC_DYNAMIC_NO_PIC = NO;
				GCC_NO_COMMON_BLOCKS = YES;
				GCC_OPTIMIZATION_LEVEL = 0;
				GCC_PREPROCESSOR_DEFINITIONS = (
					"DEBUG=1",
					"$(inherited)",
				);
				GCC_WARN_64_TO_32_BIT_CONVERSION = YES;
				GCC_WARN_ABOUT_RETURN_TYPE = YES_ERROR;
				GCC_WARN_UNDECLARED_SELECTOR = YES;
				GCC_WARN_UNINITIALIZED_AUTOS = YES_AGGRESSIVE;
				GCC_WARN_UNUSED_FUNCTION = YES;
				GCC_WARN_UNUSED_VARIABLE = YES;
				IPHONEOS_DEPLOYMENT_TARGET = 14.3;
				MTL_ENABLE_DEBUG_INFO = INCLUDE_SOURCE;
				MTL_FAST_MATH = YES;
				ONLY_ACTIVE_ARCH = YES;
				SDKROOT = iphoneos;
				SWIFT_ACTIVE_COMPILATION_CONDITIONS = DEBUG;
				SWIFT_OPTIMIZATION_LEVEL = "-Onone";
			};
			name = Debug;
		};
		216C70C52590FCDA001A80E5 /* Release */ = {
			isa = XCBuildConfiguration;
			buildSettings = {
				ALWAYS_SEARCH_USER_PATHS = NO;
				CLANG_ANALYZER_NONNULL = YES;
				CLANG_ANALYZER_NUMBER_OBJECT_CONVERSION = YES_AGGRESSIVE;
				CLANG_CXX_LANGUAGE_STANDARD = "gnu++14";
				CLANG_CXX_LIBRARY = "libc++";
				CLANG_ENABLE_MODULES = YES;
				CLANG_ENABLE_OBJC_ARC = YES;
				CLANG_ENABLE_OBJC_WEAK = YES;
				CLANG_WARN_BLOCK_CAPTURE_AUTORELEASING = YES;
				CLANG_WARN_BOOL_CONVERSION = YES;
				CLANG_WARN_COMMA = YES;
				CLANG_WARN_CONSTANT_CONVERSION = YES;
				CLANG_WARN_DEPRECATED_OBJC_IMPLEMENTATIONS = YES;
				CLANG_WARN_DIRECT_OBJC_ISA_USAGE = YES_ERROR;
				CLANG_WARN_DOCUMENTATION_COMMENTS = YES;
				CLANG_WARN_EMPTY_BODY = YES;
				CLANG_WARN_ENUM_CONVERSION = YES;
				CLANG_WARN_INFINITE_RECURSION = YES;
				CLANG_WARN_INT_CONVERSION = YES;
				CLANG_WARN_NON_LITERAL_NULL_CONVERSION = YES;
				CLANG_WARN_OBJC_IMPLICIT_RETAIN_SELF = YES;
				CLANG_WARN_OBJC_LITERAL_CONVERSION = YES;
				CLANG_WARN_OBJC_ROOT_CLASS = YES_ERROR;
				CLANG_WARN_QUOTED_INCLUDE_IN_FRAMEWORK_HEADER = YES;
				CLANG_WARN_RANGE_LOOP_ANALYSIS = YES;
				CLANG_WARN_STRICT_PROTOTYPES = YES;
				CLANG_WARN_SUSPICIOUS_MOVE = YES;
				CLANG_WARN_UNGUARDED_AVAILABILITY = YES_AGGRESSIVE;
				CLANG_WARN_UNREACHABLE_CODE = YES;
				CLANG_WARN__DUPLICATE_METHOD_MATCH = YES;
				COPY_PHASE_STRIP = NO;
				DEBUG_INFORMATION_FORMAT = "dwarf-with-dsym";
				ENABLE_NS_ASSERTIONS = NO;
				ENABLE_STRICT_OBJC_MSGSEND = YES;
				GCC_C_LANGUAGE_STANDARD = gnu11;
				GCC_NO_COMMON_BLOCKS = YES;
				GCC_WARN_64_TO_32_BIT_CONVERSION = YES;
				GCC_WARN_ABOUT_RETURN_TYPE = YES_ERROR;
				GCC_WARN_UNDECLARED_SELECTOR = YES;
				GCC_WARN_UNINITIALIZED_AUTOS = YES_AGGRESSIVE;
				GCC_WARN_UNUSED_FUNCTION = YES;
				GCC_WARN_UNUSED_VARIABLE = YES;
				IPHONEOS_DEPLOYMENT_TARGET = 14.3;
				MTL_ENABLE_DEBUG_INFO = NO;
				MTL_FAST_MATH = YES;
				SDKROOT = iphoneos;
				SWIFT_COMPILATION_MODE = wholemodule;
				SWIFT_OPTIMIZATION_LEVEL = "-O";
				VALIDATE_PRODUCT = YES;
			};
			name = Release;
		};
		216C70C72590FCDA001A80E5 /* Debug */ = {
			isa = XCBuildConfiguration;
			buildSettings = {
				ASSETCATALOG_COMPILER_APPICON_NAME = AppIcon;
				ASSETCATALOG_COMPILER_GLOBAL_ACCENT_COLOR_NAME = AccentColor;
				CODE_SIGN_STYLE = Automatic;
				DEVELOPMENT_TEAM = 4RSQQ96426;
				INFOPLIST_FILE = Crypto/Info.plist;
				LD_RUNPATH_SEARCH_PATHS = (
					"$(inherited)",
					"@executable_path/Frameworks",
				);
				PRODUCT_BUNDLE_IDENTIFIER = com.yelizkececi.Crypto;
				PRODUCT_NAME = "$(TARGET_NAME)";
				SWIFT_VERSION = 5.0;
				TARGETED_DEVICE_FAMILY = "1,2";
			};
			name = Debug;
		};
		216C70C82590FCDA001A80E5 /* Release */ = {
			isa = XCBuildConfiguration;
			buildSettings = {
				ASSETCATALOG_COMPILER_APPICON_NAME = AppIcon;
				ASSETCATALOG_COMPILER_GLOBAL_ACCENT_COLOR_NAME = AccentColor;
				CODE_SIGN_STYLE = Automatic;
				DEVELOPMENT_TEAM = 4RSQQ96426;
				INFOPLIST_FILE = Crypto/Info.plist;
				LD_RUNPATH_SEARCH_PATHS = (
					"$(inherited)",
					"@executable_path/Frameworks",
				);
				PRODUCT_BUNDLE_IDENTIFIER = com.yelizkececi.Crypto;
				PRODUCT_NAME = "$(TARGET_NAME)";
				SWIFT_VERSION = 5.0;
				TARGETED_DEVICE_FAMILY = "1,2";
			};
			name = Release;
		};
		216C70CA2590FCDA001A80E5 /* Debug */ = {
			isa = XCBuildConfiguration;
			buildSettings = {
				ALWAYS_EMBED_SWIFT_STANDARD_LIBRARIES = YES;
				BUNDLE_LOADER = "$(TEST_HOST)";
				CODE_SIGN_STYLE = Automatic;
				DEVELOPMENT_TEAM = 4RSQQ96426;
				INFOPLIST_FILE = CryptoTests/Info.plist;
				IPHONEOS_DEPLOYMENT_TARGET = 14.3;
				LD_RUNPATH_SEARCH_PATHS = (
					"$(inherited)",
					"@executable_path/Frameworks",
					"@loader_path/Frameworks",
				);
				PRODUCT_BUNDLE_IDENTIFIER = com.yelizkececi.CryptoTests;
				PRODUCT_NAME = "$(TARGET_NAME)";
				SWIFT_VERSION = 5.0;
				TARGETED_DEVICE_FAMILY = "1,2";
				TEST_HOST = "$(BUILT_PRODUCTS_DIR)/Crypto.app/Crypto";
			};
			name = Debug;
		};
		216C70CB2590FCDA001A80E5 /* Release */ = {
			isa = XCBuildConfiguration;
			buildSettings = {
				ALWAYS_EMBED_SWIFT_STANDARD_LIBRARIES = YES;
				BUNDLE_LOADER = "$(TEST_HOST)";
				CODE_SIGN_STYLE = Automatic;
				DEVELOPMENT_TEAM = 4RSQQ96426;
				INFOPLIST_FILE = CryptoTests/Info.plist;
				IPHONEOS_DEPLOYMENT_TARGET = 14.3;
				LD_RUNPATH_SEARCH_PATHS = (
					"$(inherited)",
					"@executable_path/Frameworks",
					"@loader_path/Frameworks",
				);
				PRODUCT_BUNDLE_IDENTIFIER = com.yelizkececi.CryptoTests;
				PRODUCT_NAME = "$(TARGET_NAME)";
				SWIFT_VERSION = 5.0;
				TARGETED_DEVICE_FAMILY = "1,2";
				TEST_HOST = "$(BUILT_PRODUCTS_DIR)/Crypto.app/Crypto";
			};
			name = Release;
		};
		216C70CD2590FCDA001A80E5 /* Debug */ = {
			isa = XCBuildConfiguration;
			buildSettings = {
				ALWAYS_EMBED_SWIFT_STANDARD_LIBRARIES = YES;
				CODE_SIGN_STYLE = Automatic;
				DEVELOPMENT_TEAM = 4RSQQ96426;
				INFOPLIST_FILE = CryptoUITests/Info.plist;
				LD_RUNPATH_SEARCH_PATHS = (
					"$(inherited)",
					"@executable_path/Frameworks",
					"@loader_path/Frameworks",
				);
				PRODUCT_BUNDLE_IDENTIFIER = com.yelizkececi.CryptoUITests;
				PRODUCT_NAME = "$(TARGET_NAME)";
				SWIFT_VERSION = 5.0;
				TARGETED_DEVICE_FAMILY = "1,2";
				TEST_TARGET_NAME = Crypto;
			};
			name = Debug;
		};
		216C70CE2590FCDA001A80E5 /* Release */ = {
			isa = XCBuildConfiguration;
			buildSettings = {
				ALWAYS_EMBED_SWIFT_STANDARD_LIBRARIES = YES;
				CODE_SIGN_STYLE = Automatic;
				DEVELOPMENT_TEAM = 4RSQQ96426;
				INFOPLIST_FILE = CryptoUITests/Info.plist;
				LD_RUNPATH_SEARCH_PATHS = (
					"$(inherited)",
					"@executable_path/Frameworks",
					"@loader_path/Frameworks",
				);
				PRODUCT_BUNDLE_IDENTIFIER = com.yelizkececi.CryptoUITests;
				PRODUCT_NAME = "$(TARGET_NAME)";
				SWIFT_VERSION = 5.0;
				TARGETED_DEVICE_FAMILY = "1,2";
				TEST_TARGET_NAME = Crypto;
			};
			name = Release;
		};
/* End XCBuildConfiguration section */

/* Begin XCConfigurationList section */
		216C70972590FCD7001A80E5 /* Build configuration list for PBXProject "Crypto" */ = {
			isa = XCConfigurationList;
			buildConfigurations = (
				216C70C42590FCDA001A80E5 /* Debug */,
				216C70C52590FCDA001A80E5 /* Release */,
			);
			defaultConfigurationIsVisible = 0;
			defaultConfigurationName = Release;
		};
		216C70C62590FCDA001A80E5 /* Build configuration list for PBXNativeTarget "Crypto" */ = {
			isa = XCConfigurationList;
			buildConfigurations = (
				216C70C72590FCDA001A80E5 /* Debug */,
				216C70C82590FCDA001A80E5 /* Release */,
			);
			defaultConfigurationIsVisible = 0;
			defaultConfigurationName = Release;
		};
		216C70C92590FCDA001A80E5 /* Build configuration list for PBXNativeTarget "CryptoTests" */ = {
			isa = XCConfigurationList;
			buildConfigurations = (
				216C70CA2590FCDA001A80E5 /* Debug */,
				216C70CB2590FCDA001A80E5 /* Release */,
			);
			defaultConfigurationIsVisible = 0;
			defaultConfigurationName = Release;
		};
		216C70CC2590FCDA001A80E5 /* Build configuration list for PBXNativeTarget "CryptoUITests" */ = {
			isa = XCConfigurationList;
			buildConfigurations = (
				216C70CD2590FCDA001A80E5 /* Debug */,
				216C70CE2590FCDA001A80E5 /* Release */,
			);
			defaultConfigurationIsVisible = 0;
			defaultConfigurationName = Release;
		};
/* End XCConfigurationList section */
	};
	rootObject = 216C70942590FCD7001A80E5 /* Project object */;
}
